
Microsoft Visual Studio Solution File, Format Version 12.00
# Visual Studio 15
Project("{FAE04EC0-301F-11D3-BF4B-00C04F79EFBC}") = "Assembly-CSharp", "Assembly-CSharp.csproj", "{1B1EDFBC-B668-17BC-DB0E-1F17FB5B8440}"
EndProject
Project("{FAE04EC0-301F-11D3-BF4B-00C04F79EFBC}") = "Assembly-CSharp-Editor", "Assembly-CSharp-Editor.csproj", "{B6AE1C9A-FF89-FE3C-9E79-6EBA7210073F}"
EndProject
Global
	GlobalSection(SolutionConfigurationPlatforms) = preSolution
		Debug|Any CPU = Debug|Any CPU
		Release|Any CPU = Release|Any CPU
	EndGlobalSection
	GlobalSection(ProjectConfigurationPlatforms) = postSolution
		{1B1EDFBC-B668-17BC-DB0E-1F17FB5B8440}.Debug|Any CPU.ActiveCfg = Debug|Any CPU
		{1B1EDFBC-B668-17BC-DB0E-1F17FB5B8440}.Debug|Any CPU.Build.0 = Debug|Any CPU
		{1B1EDFBC-B668-17BC-DB0E-1F17FB5B8440}.Release|Any CPU.ActiveCfg = Release|Any CPU
		{1B1EDFBC-B668-17BC-DB0E-1F17FB5B8440}.Release|Any CPU.Build.0 = Release|Any CPU
		{B6AE1C9A-FF89-FE3C-9E79-6EBA7210073F}.Debug|Any CPU.ActiveCfg = Debug|Any CPU
		{B6AE1C9A-FF89-FE3C-9E79-6EBA7210073F}.Debug|Any CPU.Build.0 = Debug|Any CPU
		{B6AE1C9A-FF89-FE3C-9E79-6EBA7210073F}.Release|Any CPU.ActiveCfg = Release|Any CPU
		{B6AE1C9A-FF89-FE3C-9E79-6EBA7210073F}.Release|Any CPU.Build.0 = Release|Any CPU
	EndGlobalSection
	GlobalSection(SolutionProperties) = preSolution
		HideSolutionNode = FALSE
	EndGlobalSection
EndGlobal
